
Microsoft Visual Studio Solution File, Format Version 12.00
# Visual Studio Version 17
VisualStudioVersion = 17.8.34525.116
MinimumVisualStudioVersion = 10.0.40219.1
Project("{FAE04EC0-301F-11D3-BF4B-00C04F79EFBC}") = "helloWorld", "helloWorld\helloWorld.csproj", "{ED43D904-8585-41AD-AEF5-A6CCEB6901B2}"
EndProject
Global
	GlobalSection(SolutionConfigurationPlatforms) = preSolution
		Debug|Any CPU = Debug|Any CPU
		Release|Any CPU = Release|Any CPU
	EndGlobalSection
	GlobalSection(ProjectConfigurationPlatforms) = postSolution
		{ED43D904-8585-41AD-AEF5-A6CCEB6901B2}.Debug|Any CPU.ActiveCfg = Debug|Any CPU
		{ED43D904-8585-41AD-AEF5-A6CCEB6901B2}.Debug|Any CPU.Build.0 = Debug|Any CPU
		{ED43D904-8585-41AD-AEF5-A6CCEB6901B2}.Release|Any CPU.ActiveCfg = Release|Any CPU
		{ED43D904-8585-41AD-AEF5-A6CCEB6901B2}.Release|Any CPU.Build.0 = Release|Any CPU
	EndGlobalSection
	GlobalSection(SolutionProperties) = preSolution
		HideSolutionNode = FALSE
	EndGlobalSection
	GlobalSection(ExtensibilityGlobals) = postSolution
		SolutionGuid = {6DE1D245-9146-414F-B984-6BC9CFF76B84}
	EndGlobalSection
EndGlobal
